// !$*UTF8*$!
{
	archiveVersion = 1;
	classes = {
	};
	objectVersion = 51;
	objects = {

/* Begin PBXBuildFile section */
		33027F6722CFA914007626BD /* MovieCollectionTableViewCell.swift in Sources */ = {isa = PBXBuildFile; fileRef = 33027F6522CFA914007626BD /* MovieCollectionTableViewCell.swift */; };
		33027F6822CFA914007626BD /* MovieCollectionTableViewCell.xib in Resources */ = {isa = PBXBuildFile; fileRef = 33027F6622CFA914007626BD /* MovieCollectionTableViewCell.xib */; };
		33027F6B22D1DF35007626BD /* MovieCollectionCollectionViewCell.swift in Sources */ = {isa = PBXBuildFile; fileRef = 33027F6922D1DF35007626BD /* MovieCollectionCollectionViewCell.swift */; };
		33027F6C22D1DF35007626BD /* MovieCollectionCollectionViewCell.xib in Resources */ = {isa = PBXBuildFile; fileRef = 33027F6A22D1DF35007626BD /* MovieCollectionCollectionViewCell.xib */; };
		33027F6E22D1E39C007626BD /* CollectionViewCellIdentifiers.swift in Sources */ = {isa = PBXBuildFile; fileRef = 33027F6D22D1E39C007626BD /* CollectionViewCellIdentifiers.swift */; };
		3302A6EC22342CF300466EC2 /* PersonTableViewCell.xib in Resources */ = {isa = PBXBuildFile; fileRef = 3302A6EB22342CF300466EC2 /* PersonTableViewCell.xib */; };
		3302A6EE2234326900466EC2 /* TableViewCellSender.swift in Sources */ = {isa = PBXBuildFile; fileRef = 3302A6ED2234326900466EC2 /* TableViewCellSender.swift */; };
		3302A6F02234402500466EC2 /* MovieTableViewCell.swift in Sources */ = {isa = PBXBuildFile; fileRef = 3302A6EF2234402500466EC2 /* MovieTableViewCell.swift */; };
		3302A6F22234422700466EC2 /* MovieTableViewCell.xib in Resources */ = {isa = PBXBuildFile; fileRef = 3302A6F12234422700466EC2 /* MovieTableViewCell.xib */; };
		3302A6F62234591C00466EC2 /* SegueIdentifiers.swift in Sources */ = {isa = PBXBuildFile; fileRef = 3302A6F52234591C00466EC2 /* SegueIdentifiers.swift */; };
		3305033C2423682000F7930B /* RequestToDiscoverMovies.swift in Sources */ = {isa = PBXBuildFile; fileRef = 3305033B2423682000F7930B /* RequestToDiscoverMovies.swift */; };
		330A59FA224BDB6200B0ED22 /* HeaderTableViewCell.xib in Resources */ = {isa = PBXBuildFile; fileRef = 330A59F9224BDB6200B0ED22 /* HeaderTableViewCell.xib */; };
		330A59FC224C098100B0ED22 /* HeaderTableViewCell.swift in Sources */ = {isa = PBXBuildFile; fileRef = 330A59FB224C098100B0ED22 /* HeaderTableViewCell.swift */; };
		330C015622280E35002DEF5F /* MovieListViewController.swift in Sources */ = {isa = PBXBuildFile; fileRef = 330C015522280E35002DEF5F /* MovieListViewController.swift */; };
		330F4EEE22D79EF20018D817 /* SavedMovie.swift in Sources */ = {isa = PBXBuildFile; fileRef = 330F4EED22D79EF20018D817 /* SavedMovie.swift */; };
		330F4EF022D79F460018D817 /* Tag.swift in Sources */ = {isa = PBXBuildFile; fileRef = 330F4EEF22D79F460018D817 /* Tag.swift */; };
		330F4EF222D7A1D10018D817 /* TagRepository.swift in Sources */ = {isa = PBXBuildFile; fileRef = 330F4EF122D7A1D10018D817 /* TagRepository.swift */; };
		330F4EF422D7AB8D0018D817 /* SystemTagName.swift in Sources */ = {isa = PBXBuildFile; fileRef = 330F4EF322D7AB8D0018D817 /* SystemTagName.swift */; };
		331D8FCC2422951200E598CD /* UIViewUtilsFactory.swift in Sources */ = {isa = PBXBuildFile; fileRef = 331D8FCB2422951200E598CD /* UIViewUtilsFactory.swift */; };
		331E39C422350E3000682742 /* MultiSearchEntity.swift in Sources */ = {isa = PBXBuildFile; fileRef = 331E39C322350E3000682742 /* MultiSearchEntity.swift */; };
		331F5BFA224BAA27008A8607 /* CrewPerson.swift in Sources */ = {isa = PBXBuildFile; fileRef = 331F5BF9224BAA27008A8607 /* CrewPerson.swift */; };
		3320C40822354B4000755EC8 /* PopularPerson.swift in Sources */ = {isa = PBXBuildFile; fileRef = 3320C40722354B4000755EC8 /* PopularPerson.swift */; };
		3321DB5A22F00C5C00A3EEAC /* CinePickerSettingKeys.swift in Sources */ = {isa = PBXBuildFile; fileRef = 3321DB5922F00C5C00A3EEAC /* CinePickerSettingKeys.swift */; };
		3322BAB82263230800E57494 /* MovieListServiceTests.swift in Sources */ = {isa = PBXBuildFile; fileRef = 3322BAB72263230800E57494 /* MovieListServiceTests.swift */; };
		3330BD7C2314495E006CC5CD /* DiscoverSettingsTableViewCell.swift in Sources */ = {isa = PBXBuildFile; fileRef = 3330BD7A2314495E006CC5CD /* DiscoverSettingsTableViewCell.swift */; };
		3330BD7F23144AB1006CC5CD /* DiscoverSettingsTableViewCell.xib in Resources */ = {isa = PBXBuildFile; fileRef = 3330BD7E23144AB1006CC5CD /* DiscoverSettingsTableViewCell.xib */; };
		33349E70224390D700970A55 /* LoadingTableViewCell.xib in Resources */ = {isa = PBXBuildFile; fileRef = 33349E6F224390D700970A55 /* LoadingTableViewCell.xib */; };
		3335AAFE222C754800ECB7B3 /* CinePickerColors.swift in Sources */ = {isa = PBXBuildFile; fileRef = 3335AAFD222C754800ECB7B3 /* CinePickerColors.swift */; };
		3344AEF1223156E700168A72 /* Character.swift in Sources */ = {isa = PBXBuildFile; fileRef = 3344AEF0223156E700168A72 /* Character.swift */; };
		3346F7D1242358850086A815 /* UIAlertUtils.swift in Sources */ = {isa = PBXBuildFile; fileRef = 3346F7D0242358850086A815 /* UIAlertUtils.swift */; };
		33475F42223041C30076F2FC /* UIViewUtils.swift in Sources */ = {isa = PBXBuildFile; fileRef = 33475F41223041C30076F2FC /* UIViewUtils.swift */; };
		334AA4AC22295F6D0078324F /* MovieService.swift in Sources */ = {isa = PBXBuildFile; fileRef = 334AA4AB22295F6D0078324F /* MovieService.swift */; };
		3353CE922225BC16003EAD2A /* AsyncOperation.swift in Sources */ = {isa = PBXBuildFile; fileRef = 3353CE912225BC16003EAD2A /* AsyncOperation.swift */; };
		3353CE942225BCD7003EAD2A /* PersonService.swift in Sources */ = {isa = PBXBuildFile; fileRef = 3353CE932225BCD7003EAD2A /* PersonService.swift */; };
		3353CE9A2225DA6F003EAD2A /* ImageService.swift in Sources */ = {isa = PBXBuildFile; fileRef = 3353CE992225DA6F003EAD2A /* ImageService.swift */; };
		335503EF22663ECC003ED14C /* MultiSearchServiceTests.swift in Sources */ = {isa = PBXBuildFile; fileRef = 335503EE22663ECC003ED14C /* MultiSearchServiceTests.swift */; };
		33559EEF230EDC8900F867C5 /* DiscoverSettingsViewController.swift in Sources */ = {isa = PBXBuildFile; fileRef = 33559EEE230EDC8900F867C5 /* DiscoverSettingsViewController.swift */; };
		335810372229765F009F965B /* CinePickerConfig.swift in Sources */ = {isa = PBXBuildFile; fileRef = 335810362229765F009F965B /* CinePickerConfig.swift */; };
		3358103922297CEE009F965B /* URLBuilder.swift in Sources */ = {isa = PBXBuildFile; fileRef = 3358103822297CEE009F965B /* URLBuilder.swift */; };
		335BA4572236C95C0026979F /* DebounceActionService.swift in Sources */ = {isa = PBXBuildFile; fileRef = 335BA4562236C95C0026979F /* DebounceActionService.swift */; };
		335BA45A2236F7770026979F /* ResponseError.swift in Sources */ = {isa = PBXBuildFile; fileRef = 335BA4592236F7770026979F /* ResponseError.swift */; };
		335C4F6924274A16009F758E /* CinePickerDimensions.swift in Sources */ = {isa = PBXBuildFile; fileRef = 335C4F6824274A16009F758E /* CinePickerDimensions.swift */; };
		336B107922D5083B00DEF79F /* MovieRepository.swift in Sources */ = {isa = PBXBuildFile; fileRef = 336B107822D5083B00DEF79F /* MovieRepository.swift */; };
		336B107B22D50F3300DEF79F /* DatabaseManager.swift in Sources */ = {isa = PBXBuildFile; fileRef = 336B107A22D50F3300DEF79F /* DatabaseManager.swift */; };
		336B108122D512F800DEF79F /* DatabaseEntity.swift in Sources */ = {isa = PBXBuildFile; fileRef = 336B108022D512F800DEF79F /* DatabaseEntity.swift */; };
		3370AD2B22BA5FB40013CE40 /* CinePickerCaptions.swift in Sources */ = {isa = PBXBuildFile; fileRef = 3370AD2A22BA5FB40013CE40 /* CinePickerCaptions.swift */; };
		3371B2C12315A0AB0058DBE5 /* GenreService.swift in Sources */ = {isa = PBXBuildFile; fileRef = 3371B2C02315A0AB0058DBE5 /* GenreService.swift */; };
		3371B2C32315A66F0058DBE5 /* DiscoverSettingsService.swift in Sources */ = {isa = PBXBuildFile; fileRef = 3371B2C22315A66F0058DBE5 /* DiscoverSettingsService.swift */; };
		3372A9AB225FAE300064BACD /* MovieDetailsServiceTests.swift in Sources */ = {isa = PBXBuildFile; fileRef = 3372A9AA225FAE300064BACD /* MovieDetailsServiceTests.swift */; };
		3372A9B3225FB51B0064BACD /* Seeder.swift in Sources */ = {isa = PBXBuildFile; fileRef = 3372A9B2225FB51B0064BACD /* Seeder.swift */; };
		337E6CA32242C2F300537CBA /* StateViewController.swift in Sources */ = {isa = PBXBuildFile; fileRef = 337E6CA22242C2F300537CBA /* StateViewController.swift */; };
		337E6CA622435D1900537CBA /* MovieListService.swift in Sources */ = {isa = PBXBuildFile; fileRef = 337E6CA522435D1900537CBA /* MovieListService.swift */; };
		337E6CA82243679400537CBA /* MovieDetailsService.swift in Sources */ = {isa = PBXBuildFile; fileRef = 337E6CA72243679400537CBA /* MovieDetailsService.swift */; };
		337E789F224C938F006A6BE2 /* PersonListViewController.swift in Sources */ = {isa = PBXBuildFile; fileRef = 337E789E224C938F006A6BE2 /* PersonListViewController.swift */; };
		337E78A1224C9808006A6BE2 /* GoToPersonListTableViewCellSender.swift in Sources */ = {isa = PBXBuildFile; fileRef = 337E78A0224C9808006A6BE2 /* GoToPersonListTableViewCellSender.swift */; };
		337E78A5224C98CB006A6BE2 /* PersonListType.swift in Sources */ = {isa = PBXBuildFile; fileRef = 337E78A4224C98CB006A6BE2 /* PersonListType.swift */; };
		33802B0A22310EBC004CE79A /* Genre.swift in Sources */ = {isa = PBXBuildFile; fileRef = 33802B0922310EBC004CE79A /* Genre.swift */; };
		3382901022454A6D000359D9 /* MovieDetailsTagsTableViewCell.swift in Sources */ = {isa = PBXBuildFile; fileRef = 3382900F22454A6D000359D9 /* MovieDetailsTagsTableViewCell.swift */; };
		3388E5C32233C9EA006FD414 /* PersonTableViewCell.swift in Sources */ = {isa = PBXBuildFile; fileRef = 3388E5C12233C9EA006FD414 /* PersonTableViewCell.swift */; };
		3388E5C82233D354006FD414 /* TableViewCellIdentifiers.swift in Sources */ = {isa = PBXBuildFile; fileRef = 3388E5C72233D354006FD414 /* TableViewCellIdentifiers.swift */; };
		338966712259B53700AED073 /* RequestedMoviesViewController.swift in Sources */ = {isa = PBXBuildFile; fileRef = 338966702259B53700AED073 /* RequestedMoviesViewController.swift */; };
		338966732259C51B00AED073 /* SimilarMovieService.swift in Sources */ = {isa = PBXBuildFile; fileRef = 338966722259C51B00AED073 /* SimilarMovieService.swift */; };
		33896679225A1DC600AED073 /* SimilarMovieRequest.swift in Sources */ = {isa = PBXBuildFile; fileRef = 33896678225A1DC600AED073 /* SimilarMovieRequest.swift */; };
		338DC89022148BED006680A4 /* AppDelegate.swift in Sources */ = {isa = PBXBuildFile; fileRef = 338DC88F22148BED006680A4 /* AppDelegate.swift */; };
		338DC89222148BED006680A4 /* MultiSearchViewController.swift in Sources */ = {isa = PBXBuildFile; fileRef = 338DC89122148BED006680A4 /* MultiSearchViewController.swift */; };
		338DC89522148BED006680A4 /* Main.storyboard in Resources */ = {isa = PBXBuildFile; fileRef = 338DC89322148BED006680A4 /* Main.storyboard */; };
		338DC89722148BED006680A4 /* Assets.xcassets in Resources */ = {isa = PBXBuildFile; fileRef = 338DC89622148BED006680A4 /* Assets.xcassets */; };
		338DC89A22148BED006680A4 /* LaunchScreen.storyboard in Resources */ = {isa = PBXBuildFile; fileRef = 338DC89822148BED006680A4 /* LaunchScreen.storyboard */; };
		338DC8A5221492B8006680A4 /* Person.swift in Sources */ = {isa = PBXBuildFile; fileRef = 338DC8A4221492B8006680A4 /* Person.swift */; };
		3390056422429AB2001CAF91 /* MessageUIView.xib in Resources */ = {isa = PBXBuildFile; fileRef = 3390056322429AB2001CAF91 /* MessageUIView.xib */; };
		3390056622429B7A001CAF91 /* MessageUIView.swift in Sources */ = {isa = PBXBuildFile; fileRef = 3390056522429B7A001CAF91 /* MessageUIView.swift */; };
		339005682242A120001CAF91 /* LoadingUIView.xib in Resources */ = {isa = PBXBuildFile; fileRef = 339005672242A120001CAF91 /* LoadingUIView.xib */; };
		3395E5EB24227FB000C61891 /* UIImageUtils.swift in Sources */ = {isa = PBXBuildFile; fileRef = 3395E5EA24227FB000C61891 /* UIImageUtils.swift */; };
		33A1306D223935FE009B804E /* AsyncResult.swift in Sources */ = {isa = PBXBuildFile; fileRef = 33A1306C223935FE009B804E /* AsyncResult.swift */; };
		33A181D622D4FBDF003A907C /* CinePickerDatabase.xcdatamodeld in Sources */ = {isa = PBXBuildFile; fileRef = 33A181D422D4FBDF003A907C /* CinePickerDatabase.xcdatamodeld */; };
		33A1FAF2226E3E12007003E2 /* DebounceActionServiceTests.swift in Sources */ = {isa = PBXBuildFile; fileRef = 33A1FAF1226E3E12007003E2 /* DebounceActionServiceTests.swift */; };
		33AC4A0D222EEF12001F7EAB /* MovieDetailsOverviewTableViewCell.swift in Sources */ = {isa = PBXBuildFile; fileRef = 33AC4A0C222EEF12001F7EAB /* MovieDetailsOverviewTableViewCell.swift */; };
		33AC4A0F222EF7FF001F7EAB /* MovieDetailsTableViewCell.swift in Sources */ = {isa = PBXBuildFile; fileRef = 33AC4A0E222EF7FF001F7EAB /* MovieDetailsTableViewCell.swift */; };
		33ADA7E22300BB13003D9CC3 /* LGButton.framework in Frameworks */ = {isa = PBXBuildFile; fileRef = 33ADA7E12300BB13003D9CC3 /* LGButton.framework */; };
		33AF857D2427EC190074B7AD /* Country.swift in Sources */ = {isa = PBXBuildFile; fileRef = 33AF857C2427EC190074B7AD /* Country.swift */; };
		33AF857F2427ECB50074B7AD /* CinePickerCountries.swift in Sources */ = {isa = PBXBuildFile; fileRef = 33AF857E2427ECB50074B7AD /* CinePickerCountries.swift */; };
		33B3D4F223142906003C0A12 /* HeaderUIView.swift in Sources */ = {isa = PBXBuildFile; fileRef = 33B3D4F123142906003C0A12 /* HeaderUIView.swift */; };
		33B3D4F423142931003C0A12 /* HeaderUIView.xib in Resources */ = {isa = PBXBuildFile; fileRef = 33B3D4F323142931003C0A12 /* HeaderUIView.xib */; };
		33B47D3422D8C71900F9D5C3 /* CinePickerLanguageCode.swift in Sources */ = {isa = PBXBuildFile; fileRef = 33B47D3322D8C71900F9D5C3 /* CinePickerLanguageCode.swift */; };
		33B5C7DF22FD96F200983774 /* CinePickerTheme.swift in Sources */ = {isa = PBXBuildFile; fileRef = 33B5C7DE22FD96F200983774 /* CinePickerTheme.swift */; };
		33B895A3241FFD6A009CBC35 /* ImageFromInternetViewCellAdapter.swift in Sources */ = {isa = PBXBuildFile; fileRef = 33B895A2241FFD6A009CBC35 /* ImageFromInternetViewCellAdapter.swift */; };
		33B895A5241FFDB0009CBC35 /* ImageFromInternetViewCell.swift in Sources */ = {isa = PBXBuildFile; fileRef = 33B895A4241FFDB0009CBC35 /* ImageFromInternetViewCell.swift */; };
		33BC14692316DD5D00917E5F /* DiscoverSettingsItemsToSelectViewController.swift in Sources */ = {isa = PBXBuildFile; fileRef = 33BC14682316DD5D00917E5F /* DiscoverSettingsItemsToSelectViewController.swift */; };
		33BC146B2316EBC600917E5F /* DiscoverSettingsItemsToSelectTableViewCell.swift in Sources */ = {isa = PBXBuildFile; fileRef = 33BC146A2316EBC600917E5F /* DiscoverSettingsItemsToSelectTableViewCell.swift */; };
		33BC146D2316EEE000917E5F /* DiscoverSettingsItemToSelect.swift in Sources */ = {isa = PBXBuildFile; fileRef = 33BC146C2316EEE000917E5F /* DiscoverSettingsItemToSelect.swift */; };
		33BEBC3A231D6C2800B095AD /* DiscoverSettingsServiceTests.swift in Sources */ = {isa = PBXBuildFile; fileRef = 33BEBC39231D6C2800B095AD /* DiscoverSettingsServiceTests.swift */; };
		33BEBC3C231D761500B095AD /* NumericDiscoverSettingsItemToSelect.swift in Sources */ = {isa = PBXBuildFile; fileRef = 33BEBC3B231D761500B095AD /* NumericDiscoverSettingsItemToSelect.swift */; };
		33C032A4224277CC009D78F6 /* FailedLoadingUIView.xib in Resources */ = {isa = PBXBuildFile; fileRef = 33C032A3224277CC009D78F6 /* FailedLoadingUIView.xib */; };
		33C032A622427E2C009D78F6 /* FailedLoadingUIView.swift in Sources */ = {isa = PBXBuildFile; fileRef = 33C032A522427E2C009D78F6 /* FailedLoadingUIView.swift */; };
		33C0CAA422D21EAF00526EED /* MainStoryboardIdentifiers.swift in Sources */ = {isa = PBXBuildFile; fileRef = 33C0CAA322D21EAF00526EED /* MainStoryboardIdentifiers.swift */; };
		33D548B822489D1E001F5A66 /* MovieDetails.swift in Sources */ = {isa = PBXBuildFile; fileRef = 33D548B722489D1E001F5A66 /* MovieDetails.swift */; };
		33D548BC2248F2CA001F5A66 /* HeaderWithTagsUIView.xib in Resources */ = {isa = PBXBuildFile; fileRef = 33D548BB2248F2CA001F5A66 /* HeaderWithTagsUIView.xib */; };
		33D548BE2248F6E0001F5A66 /* HeaderWithTagsUIView.swift in Sources */ = {isa = PBXBuildFile; fileRef = 33D548BD2248F6E0001F5A66 /* HeaderWithTagsUIView.swift */; };
		33D61E2422B2B1E000250997 /* Agrume.framework in Frameworks */ = {isa = PBXBuildFile; fileRef = 33D61E2322B2B1E000250997 /* Agrume.framework */; settings = {ATTRIBUTES = (Required, ); }; };
		33D61E2622B2B1E900250997 /* SwiftyGif.framework in Frameworks */ = {isa = PBXBuildFile; fileRef = 33D61E2522B2B1E900250997 /* SwiftyGif.framework */; };
		33DABDA12243BEAA003BF008 /* LoadingTableViewCell.swift in Sources */ = {isa = PBXBuildFile; fileRef = 33DABDA02243BEAA003BF008 /* LoadingTableViewCell.swift */; };
		33DABDA32243C592003BF008 /* FailedLoadingTableViewCell.xib in Resources */ = {isa = PBXBuildFile; fileRef = 33DABDA22243C592003BF008 /* FailedLoadingTableViewCell.xib */; };
		33DABDA52243C7F3003BF008 /* FailedLoadingTableViewCell.swift in Sources */ = {isa = PBXBuildFile; fileRef = 33DABDA42243C7F3003BF008 /* FailedLoadingTableViewCell.swift */; };
		33E82BE022BA80AF00C6A36B /* LoadingUIView.swift in Sources */ = {isa = PBXBuildFile; fileRef = 33E82BDF22BA80AF00C6A36B /* LoadingUIView.swift */; };
		33E982322240099A004C0AC2 /* MultiSearchService.swift in Sources */ = {isa = PBXBuildFile; fileRef = 33E982312240099A004C0AC2 /* MultiSearchService.swift */; };
		33E9823422400EB4004C0AC2 /* MultiSearchRequest.swift in Sources */ = {isa = PBXBuildFile; fileRef = 33E9823322400EB4004C0AC2 /* MultiSearchRequest.swift */; };
		33EB3A61222DA5A0002956B8 /* MovieDetailsViewController.swift in Sources */ = {isa = PBXBuildFile; fileRef = 33EB3A60222DA5A0002956B8 /* MovieDetailsViewController.swift */; };
		33F3A13D2228275A00AE02EF /* Movie.swift in Sources */ = {isa = PBXBuildFile; fileRef = 33F3A13C2228275A00AE02EF /* Movie.swift */; };
		33F465E122B62F5200AB5240 /* SCLAlertView.framework in Frameworks */ = {isa = PBXBuildFile; fileRef = 33F465E022B62F5200AB5240 /* SCLAlertView.framework */; };
		33FFDF042264FF64005890FE /* SimilarMovieServiceTests.swift in Sources */ = {isa = PBXBuildFile; fileRef = 33FFDF032264FF64005890FE /* SimilarMovieServiceTests.swift */; };
		6D7244E164521AA08B00270D /* Pods_CinePicker.framework in Frameworks */ = {isa = PBXBuildFile; fileRef = FB28B96D0997C9D692FF277F /* Pods_CinePicker.framework */; };
/* End PBXBuildFile section */

/* Begin PBXContainerItemProxy section */
		3372A9AD225FAE300064BACD /* PBXContainerItemProxy */ = {
			isa = PBXContainerItemProxy;
			containerPortal = 338DC88422148BED006680A4 /* Project object */;
			proxyType = 1;
			remoteGlobalIDString = 338DC88B22148BED006680A4;
			remoteInfo = CinePicker;
		};
/* End PBXContainerItemProxy section */

/* Begin PBXFileReference section */
		33027F6522CFA914007626BD /* MovieCollectionTableViewCell.swift */ = {isa = PBXFileReference; lastKnownFileType = sourcecode.swift; path = MovieCollectionTableViewCell.swift; sourceTree = "<group>"; };
		33027F6622CFA914007626BD /* MovieCollectionTableViewCell.xib */ = {isa = PBXFileReference; lastKnownFileType = file.xib; path = MovieCollectionTableViewCell.xib; sourceTree = "<group>"; };
		33027F6922D1DF35007626BD /* MovieCollectionCollectionViewCell.swift */ = {isa = PBXFileReference; lastKnownFileType = sourcecode.swift; path = MovieCollectionCollectionViewCell.swift; sourceTree = "<group>"; };
		33027F6A22D1DF35007626BD /* MovieCollectionCollectionViewCell.xib */ = {isa = PBXFileReference; lastKnownFileType = file.xib; path = MovieCollectionCollectionViewCell.xib; sourceTree = "<group>"; };
		33027F6D22D1E39C007626BD /* CollectionViewCellIdentifiers.swift */ = {isa = PBXFileReference; lastKnownFileType = sourcecode.swift; path = CollectionViewCellIdentifiers.swift; sourceTree = "<group>"; };
		3302A6EB22342CF300466EC2 /* PersonTableViewCell.xib */ = {isa = PBXFileReference; lastKnownFileType = file.xib; path = PersonTableViewCell.xib; sourceTree = "<group>"; };
		3302A6ED2234326900466EC2 /* TableViewCellSender.swift */ = {isa = PBXFileReference; lastKnownFileType = sourcecode.swift; path = TableViewCellSender.swift; sourceTree = "<group>"; };
		3302A6EF2234402500466EC2 /* MovieTableViewCell.swift */ = {isa = PBXFileReference; lastKnownFileType = sourcecode.swift; path = MovieTableViewCell.swift; sourceTree = "<group>"; };
		3302A6F12234422700466EC2 /* MovieTableViewCell.xib */ = {isa = PBXFileReference; lastKnownFileType = file.xib; path = MovieTableViewCell.xib; sourceTree = "<group>"; };
		3302A6F52234591C00466EC2 /* SegueIdentifiers.swift */ = {isa = PBXFileReference; lastKnownFileType = sourcecode.swift; path = SegueIdentifiers.swift; sourceTree = "<group>"; };
		3305033B2423682000F7930B /* RequestToDiscoverMovies.swift */ = {isa = PBXFileReference; lastKnownFileType = sourcecode.swift; path = RequestToDiscoverMovies.swift; sourceTree = "<group>"; };
		330A59F9224BDB6200B0ED22 /* HeaderTableViewCell.xib */ = {isa = PBXFileReference; lastKnownFileType = file.xib; path = HeaderTableViewCell.xib; sourceTree = "<group>"; };
		330A59FB224C098100B0ED22 /* HeaderTableViewCell.swift */ = {isa = PBXFileReference; lastKnownFileType = sourcecode.swift; path = HeaderTableViewCell.swift; sourceTree = "<group>"; };
		330C015522280E35002DEF5F /* MovieListViewController.swift */ = {isa = PBXFileReference; lastKnownFileType = sourcecode.swift; path = MovieListViewController.swift; sourceTree = "<group>"; };
		330F4EED22D79EF20018D817 /* SavedMovie.swift */ = {isa = PBXFileReference; lastKnownFileType = sourcecode.swift; path = SavedMovie.swift; sourceTree = "<group>"; };
		330F4EEF22D79F460018D817 /* Tag.swift */ = {isa = PBXFileReference; lastKnownFileType = sourcecode.swift; path = Tag.swift; sourceTree = "<group>"; };
		330F4EF122D7A1D10018D817 /* TagRepository.swift */ = {isa = PBXFileReference; lastKnownFileType = sourcecode.swift; path = TagRepository.swift; sourceTree = "<group>"; };
		330F4EF322D7AB8D0018D817 /* SystemTagName.swift */ = {isa = PBXFileReference; lastKnownFileType = sourcecode.swift; path = SystemTagName.swift; sourceTree = "<group>"; };
		331D8FCB2422951200E598CD /* UIViewUtilsFactory.swift */ = {isa = PBXFileReference; lastKnownFileType = sourcecode.swift; path = UIViewUtilsFactory.swift; sourceTree = "<group>"; };
		331E39C322350E3000682742 /* MultiSearchEntity.swift */ = {isa = PBXFileReference; lastKnownFileType = sourcecode.swift; path = MultiSearchEntity.swift; sourceTree = "<group>"; };
		331F5BF9224BAA27008A8607 /* CrewPerson.swift */ = {isa = PBXFileReference; lastKnownFileType = sourcecode.swift; path = CrewPerson.swift; sourceTree = "<group>"; };
		3320C40722354B4000755EC8 /* PopularPerson.swift */ = {isa = PBXFileReference; lastKnownFileType = sourcecode.swift; path = PopularPerson.swift; sourceTree = "<group>"; };
		3321DB5922F00C5C00A3EEAC /* CinePickerSettingKeys.swift */ = {isa = PBXFileReference; lastKnownFileType = sourcecode.swift; path = CinePickerSettingKeys.swift; sourceTree = "<group>"; };
		3322BAB72263230800E57494 /* MovieListServiceTests.swift */ = {isa = PBXFileReference; lastKnownFileType = sourcecode.swift; path = MovieListServiceTests.swift; sourceTree = "<group>"; };
		3330BD7A2314495E006CC5CD /* DiscoverSettingsTableViewCell.swift */ = {isa = PBXFileReference; lastKnownFileType = sourcecode.swift; path = DiscoverSettingsTableViewCell.swift; sourceTree = "<group>"; };
		3330BD7E23144AB1006CC5CD /* DiscoverSettingsTableViewCell.xib */ = {isa = PBXFileReference; lastKnownFileType = file.xib; path = DiscoverSettingsTableViewCell.xib; sourceTree = "<group>"; };
		33349E6F224390D700970A55 /* LoadingTableViewCell.xib */ = {isa = PBXFileReference; lastKnownFileType = file.xib; path = LoadingTableViewCell.xib; sourceTree = "<group>"; };
		3335AAFD222C754800ECB7B3 /* CinePickerColors.swift */ = {isa = PBXFileReference; lastKnownFileType = sourcecode.swift; path = CinePickerColors.swift; sourceTree = "<group>"; };
		3344AEF0223156E700168A72 /* Character.swift */ = {isa = PBXFileReference; lastKnownFileType = sourcecode.swift; path = Character.swift; sourceTree = "<group>"; };
		3346F7D0242358850086A815 /* UIAlertUtils.swift */ = {isa = PBXFileReference; lastKnownFileType = sourcecode.swift; path = UIAlertUtils.swift; sourceTree = "<group>"; };
		33475F41223041C30076F2FC /* UIViewUtils.swift */ = {isa = PBXFileReference; lastKnownFileType = sourcecode.swift; path = UIViewUtils.swift; sourceTree = "<group>"; };
		334AA4AB22295F6D0078324F /* MovieService.swift */ = {isa = PBXFileReference; lastKnownFileType = sourcecode.swift; path = MovieService.swift; sourceTree = "<group>"; };
		3353CE912225BC16003EAD2A /* AsyncOperation.swift */ = {isa = PBXFileReference; lastKnownFileType = sourcecode.swift; path = AsyncOperation.swift; sourceTree = "<group>"; };
		3353CE932225BCD7003EAD2A /* PersonService.swift */ = {isa = PBXFileReference; lastKnownFileType = sourcecode.swift; path = PersonService.swift; sourceTree = "<group>"; };
		3353CE992225DA6F003EAD2A /* ImageService.swift */ = {isa = PBXFileReference; lastKnownFileType = sourcecode.swift; path = ImageService.swift; sourceTree = "<group>"; };
		335503EE22663ECC003ED14C /* MultiSearchServiceTests.swift */ = {isa = PBXFileReference; lastKnownFileType = sourcecode.swift; path = MultiSearchServiceTests.swift; sourceTree = "<group>"; };
		33559EEE230EDC8900F867C5 /* DiscoverSettingsViewController.swift */ = {isa = PBXFileReference; lastKnownFileType = sourcecode.swift; path = DiscoverSettingsViewController.swift; sourceTree = "<group>"; };
		335810362229765F009F965B /* CinePickerConfig.swift */ = {isa = PBXFileReference; lastKnownFileType = sourcecode.swift; path = CinePickerConfig.swift; sourceTree = "<group>"; };
		3358103822297CEE009F965B /* URLBuilder.swift */ = {isa = PBXFileReference; lastKnownFileType = sourcecode.swift; path = URLBuilder.swift; sourceTree = "<group>"; };
		335BA4562236C95C0026979F /* DebounceActionService.swift */ = {isa = PBXFileReference; lastKnownFileType = sourcecode.swift; path = DebounceActionService.swift; sourceTree = "<group>"; };
		335BA4592236F7770026979F /* ResponseError.swift */ = {isa = PBXFileReference; lastKnownFileType = sourcecode.swift; path = ResponseError.swift; sourceTree = "<group>"; };
		335C4F6824274A16009F758E /* CinePickerDimensions.swift */ = {isa = PBXFileReference; lastKnownFileType = sourcecode.swift; path = CinePickerDimensions.swift; sourceTree = "<group>"; };
		336B107822D5083B00DEF79F /* MovieRepository.swift */ = {isa = PBXFileReference; lastKnownFileType = sourcecode.swift; path = MovieRepository.swift; sourceTree = "<group>"; };
		336B107A22D50F3300DEF79F /* DatabaseManager.swift */ = {isa = PBXFileReference; lastKnownFileType = sourcecode.swift; path = DatabaseManager.swift; sourceTree = "<group>"; };
		336B108022D512F800DEF79F /* DatabaseEntity.swift */ = {isa = PBXFileReference; lastKnownFileType = sourcecode.swift; path = DatabaseEntity.swift; sourceTree = "<group>"; };
		3370AD2A22BA5FB40013CE40 /* CinePickerCaptions.swift */ = {isa = PBXFileReference; lastKnownFileType = sourcecode.swift; path = CinePickerCaptions.swift; sourceTree = "<group>"; };
		3371B2C02315A0AB0058DBE5 /* GenreService.swift */ = {isa = PBXFileReference; lastKnownFileType = sourcecode.swift; path = GenreService.swift; sourceTree = "<group>"; };
		3371B2C22315A66F0058DBE5 /* DiscoverSettingsService.swift */ = {isa = PBXFileReference; lastKnownFileType = sourcecode.swift; path = DiscoverSettingsService.swift; sourceTree = "<group>"; };
		3372A9A8225FAE300064BACD /* CinePickerUnitTests.xctest */ = {isa = PBXFileReference; explicitFileType = wrapper.cfbundle; includeInIndex = 0; path = CinePickerUnitTests.xctest; sourceTree = BUILT_PRODUCTS_DIR; };
		3372A9AA225FAE300064BACD /* MovieDetailsServiceTests.swift */ = {isa = PBXFileReference; lastKnownFileType = sourcecode.swift; path = MovieDetailsServiceTests.swift; sourceTree = "<group>"; };
		3372A9AC225FAE300064BACD /* Info.plist */ = {isa = PBXFileReference; lastKnownFileType = text.plist.xml; path = Info.plist; sourceTree = "<group>"; };
		3372A9B2225FB51B0064BACD /* Seeder.swift */ = {isa = PBXFileReference; lastKnownFileType = sourcecode.swift; path = Seeder.swift; sourceTree = "<group>"; };
		337E6CA22242C2F300537CBA /* StateViewController.swift */ = {isa = PBXFileReference; lastKnownFileType = sourcecode.swift; path = StateViewController.swift; sourceTree = "<group>"; };
		337E6CA522435D1900537CBA /* MovieListService.swift */ = {isa = PBXFileReference; lastKnownFileType = sourcecode.swift; path = MovieListService.swift; sourceTree = "<group>"; };
		337E6CA72243679400537CBA /* MovieDetailsService.swift */ = {isa = PBXFileReference; lastKnownFileType = sourcecode.swift; path = MovieDetailsService.swift; sourceTree = "<group>"; };
		337E789E224C938F006A6BE2 /* PersonListViewController.swift */ = {isa = PBXFileReference; lastKnownFileType = sourcecode.swift; path = PersonListViewController.swift; sourceTree = "<group>"; };
		337E78A0224C9808006A6BE2 /* GoToPersonListTableViewCellSender.swift */ = {isa = PBXFileReference; lastKnownFileType = sourcecode.swift; path = GoToPersonListTableViewCellSender.swift; sourceTree = "<group>"; };
		337E78A4224C98CB006A6BE2 /* PersonListType.swift */ = {isa = PBXFileReference; lastKnownFileType = sourcecode.swift; path = PersonListType.swift; sourceTree = "<group>"; };
		33802B0922310EBC004CE79A /* Genre.swift */ = {isa = PBXFileReference; lastKnownFileType = sourcecode.swift; path = Genre.swift; sourceTree = "<group>"; };
		3382900F22454A6D000359D9 /* MovieDetailsTagsTableViewCell.swift */ = {isa = PBXFileReference; lastKnownFileType = sourcecode.swift; path = MovieDetailsTagsTableViewCell.swift; sourceTree = "<group>"; };
		3388E5C12233C9EA006FD414 /* PersonTableViewCell.swift */ = {isa = PBXFileReference; lastKnownFileType = sourcecode.swift; path = PersonTableViewCell.swift; sourceTree = "<group>"; };
		3388E5C72233D354006FD414 /* TableViewCellIdentifiers.swift */ = {isa = PBXFileReference; lastKnownFileType = sourcecode.swift; path = TableViewCellIdentifiers.swift; sourceTree = "<group>"; };
		338966702259B53700AED073 /* RequestedMoviesViewController.swift */ = {isa = PBXFileReference; lastKnownFileType = sourcecode.swift; path = RequestedMoviesViewController.swift; sourceTree = "<group>"; };
		338966722259C51B00AED073 /* SimilarMovieService.swift */ = {isa = PBXFileReference; lastKnownFileType = sourcecode.swift; path = SimilarMovieService.swift; sourceTree = "<group>"; };
		33896678225A1DC600AED073 /* SimilarMovieRequest.swift */ = {isa = PBXFileReference; lastKnownFileType = sourcecode.swift; path = SimilarMovieRequest.swift; sourceTree = "<group>"; };
		338DC88C22148BED006680A4 /* CinePicker.app */ = {isa = PBXFileReference; explicitFileType = wrapper.application; includeInIndex = 0; path = CinePicker.app; sourceTree = BUILT_PRODUCTS_DIR; };
		338DC88F22148BED006680A4 /* AppDelegate.swift */ = {isa = PBXFileReference; lastKnownFileType = sourcecode.swift; path = AppDelegate.swift; sourceTree = "<group>"; };
		338DC89122148BED006680A4 /* MultiSearchViewController.swift */ = {isa = PBXFileReference; lastKnownFileType = sourcecode.swift; path = MultiSearchViewController.swift; sourceTree = "<group>"; };
		338DC89422148BED006680A4 /* Base */ = {isa = PBXFileReference; lastKnownFileType = file.storyboard; name = Base; path = Base.lproj/Main.storyboard; sourceTree = "<group>"; };
		338DC89622148BED006680A4 /* Assets.xcassets */ = {isa = PBXFileReference; lastKnownFileType = folder.assetcatalog; path = Assets.xcassets; sourceTree = "<group>"; };
		338DC89922148BED006680A4 /* Base */ = {isa = PBXFileReference; lastKnownFileType = file.storyboard; name = Base; path = Base.lproj/LaunchScreen.storyboard; sourceTree = "<group>"; };
		338DC89B22148BED006680A4 /* Info.plist */ = {isa = PBXFileReference; lastKnownFileType = text.plist.xml; path = Info.plist; sourceTree = "<group>"; };
		338DC8A4221492B8006680A4 /* Person.swift */ = {isa = PBXFileReference; lastKnownFileType = sourcecode.swift; path = Person.swift; sourceTree = "<group>"; };
		3390056322429AB2001CAF91 /* MessageUIView.xib */ = {isa = PBXFileReference; lastKnownFileType = file.xib; path = MessageUIView.xib; sourceTree = "<group>"; };
		3390056522429B7A001CAF91 /* MessageUIView.swift */ = {isa = PBXFileReference; lastKnownFileType = sourcecode.swift; path = MessageUIView.swift; sourceTree = "<group>"; };
		339005672242A120001CAF91 /* LoadingUIView.xib */ = {isa = PBXFileReference; lastKnownFileType = file.xib; path = LoadingUIView.xib; sourceTree = "<group>"; };
		3395E5EA24227FB000C61891 /* UIImageUtils.swift */ = {isa = PBXFileReference; lastKnownFileType = sourcecode.swift; path = UIImageUtils.swift; sourceTree = "<group>"; };
		33A1306C223935FE009B804E /* AsyncResult.swift */ = {isa = PBXFileReference; lastKnownFileType = sourcecode.swift; path = AsyncResult.swift; sourceTree = "<group>"; };
		33A181D522D4FBDF003A907C /* CinePickerDatabase.xcdatamodel */ = {isa = PBXFileReference; lastKnownFileType = wrapper.xcdatamodel; path = CinePickerDatabase.xcdatamodel; sourceTree = "<group>"; };
		33A1FAF1226E3E12007003E2 /* DebounceActionServiceTests.swift */ = {isa = PBXFileReference; lastKnownFileType = sourcecode.swift; path = DebounceActionServiceTests.swift; sourceTree = "<group>"; };
		33AC4A0C222EEF12001F7EAB /* MovieDetailsOverviewTableViewCell.swift */ = {isa = PBXFileReference; lastKnownFileType = sourcecode.swift; path = MovieDetailsOverviewTableViewCell.swift; sourceTree = "<group>"; };
		33AC4A0E222EF7FF001F7EAB /* MovieDetailsTableViewCell.swift */ = {isa = PBXFileReference; lastKnownFileType = sourcecode.swift; path = MovieDetailsTableViewCell.swift; sourceTree = "<group>"; };
		33ADA7E12300BB13003D9CC3 /* LGButton.framework */ = {isa = PBXFileReference; explicitFileType = wrapper.framework; path = LGButton.framework; sourceTree = BUILT_PRODUCTS_DIR; };
		33AF857C2427EC190074B7AD /* Country.swift */ = {isa = PBXFileReference; lastKnownFileType = sourcecode.swift; path = Country.swift; sourceTree = "<group>"; };
		33AF857E2427ECB50074B7AD /* CinePickerCountries.swift */ = {isa = PBXFileReference; lastKnownFileType = sourcecode.swift; path = CinePickerCountries.swift; sourceTree = "<group>"; };
		33B3D4F123142906003C0A12 /* HeaderUIView.swift */ = {isa = PBXFileReference; lastKnownFileType = sourcecode.swift; path = HeaderUIView.swift; sourceTree = "<group>"; };
		33B3D4F323142931003C0A12 /* HeaderUIView.xib */ = {isa = PBXFileReference; lastKnownFileType = file.xib; path = HeaderUIView.xib; sourceTree = "<group>"; };
		33B47D3322D8C71900F9D5C3 /* CinePickerLanguageCode.swift */ = {isa = PBXFileReference; lastKnownFileType = sourcecode.swift; path = CinePickerLanguageCode.swift; sourceTree = "<group>"; };
		33B5C7DE22FD96F200983774 /* CinePickerTheme.swift */ = {isa = PBXFileReference; lastKnownFileType = sourcecode.swift; path = CinePickerTheme.swift; sourceTree = "<group>"; };
		33B895A2241FFD6A009CBC35 /* ImageFromInternetViewCellAdapter.swift */ = {isa = PBXFileReference; lastKnownFileType = sourcecode.swift; path = ImageFromInternetViewCellAdapter.swift; sourceTree = "<group>"; };
		33B895A4241FFDB0009CBC35 /* ImageFromInternetViewCell.swift */ = {isa = PBXFileReference; lastKnownFileType = sourcecode.swift; path = ImageFromInternetViewCell.swift; sourceTree = "<group>"; };
		33BC14682316DD5D00917E5F /* DiscoverSettingsItemsToSelectViewController.swift */ = {isa = PBXFileReference; lastKnownFileType = sourcecode.swift; path = DiscoverSettingsItemsToSelectViewController.swift; sourceTree = "<group>"; };
		33BC146A2316EBC600917E5F /* DiscoverSettingsItemsToSelectTableViewCell.swift */ = {isa = PBXFileReference; lastKnownFileType = sourcecode.swift; path = DiscoverSettingsItemsToSelectTableViewCell.swift; sourceTree = "<group>"; };
		33BC146C2316EEE000917E5F /* DiscoverSettingsItemToSelect.swift */ = {isa = PBXFileReference; lastKnownFileType = sourcecode.swift; path = DiscoverSettingsItemToSelect.swift; sourceTree = "<group>"; };
		33BEBC39231D6C2800B095AD /* DiscoverSettingsServiceTests.swift */ = {isa = PBXFileReference; lastKnownFileType = sourcecode.swift; path = DiscoverSettingsServiceTests.swift; sourceTree = "<group>"; };
		33BEBC3B231D761500B095AD /* NumericDiscoverSettingsItemToSelect.swift */ = {isa = PBXFileReference; lastKnownFileType = sourcecode.swift; path = NumericDiscoverSettingsItemToSelect.swift; sourceTree = "<group>"; };
		33C032A3224277CC009D78F6 /* FailedLoadingUIView.xib */ = {isa = PBXFileReference; lastKnownFileType = file.xib; path = FailedLoadingUIView.xib; sourceTree = "<group>"; };
		33C032A522427E2C009D78F6 /* FailedLoadingUIView.swift */ = {isa = PBXFileReference; lastKnownFileType = sourcecode.swift; path = FailedLoadingUIView.swift; sourceTree = "<group>"; };
		33C0CAA322D21EAF00526EED /* MainStoryboardIdentifiers.swift */ = {isa = PBXFileReference; lastKnownFileType = sourcecode.swift; path = MainStoryboardIdentifiers.swift; sourceTree = "<group>"; };
		33D548B722489D1E001F5A66 /* MovieDetails.swift */ = {isa = PBXFileReference; lastKnownFileType = sourcecode.swift; path = MovieDetails.swift; sourceTree = "<group>"; };
		33D548BB2248F2CA001F5A66 /* HeaderWithTagsUIView.xib */ = {isa = PBXFileReference; lastKnownFileType = file.xib; path = HeaderWithTagsUIView.xib; sourceTree = "<group>"; };
		33D548BD2248F6E0001F5A66 /* HeaderWithTagsUIView.swift */ = {isa = PBXFileReference; lastKnownFileType = sourcecode.swift; path = HeaderWithTagsUIView.swift; sourceTree = "<group>"; };
		33D61E2322B2B1E000250997 /* Agrume.framework */ = {isa = PBXFileReference; explicitFileType = wrapper.framework; path = Agrume.framework; sourceTree = BUILT_PRODUCTS_DIR; };
		33D61E2522B2B1E900250997 /* SwiftyGif.framework */ = {isa = PBXFileReference; explicitFileType = wrapper.framework; path = SwiftyGif.framework; sourceTree = BUILT_PRODUCTS_DIR; };
		33DABDA02243BEAA003BF008 /* LoadingTableViewCell.swift */ = {isa = PBXFileReference; lastKnownFileType = sourcecode.swift; path = LoadingTableViewCell.swift; sourceTree = "<group>"; };
		33DABDA22243C592003BF008 /* FailedLoadingTableViewCell.xib */ = {isa = PBXFileReference; lastKnownFileType = file.xib; path = FailedLoadingTableViewCell.xib; sourceTree = "<group>"; };
		33DABDA42243C7F3003BF008 /* FailedLoadingTableViewCell.swift */ = {isa = PBXFileReference; lastKnownFileType = sourcecode.swift; path = FailedLoadingTableViewCell.swift; sourceTree = "<group>"; };
		33E82BDF22BA80AF00C6A36B /* LoadingUIView.swift */ = {isa = PBXFileReference; lastKnownFileType = sourcecode.swift; path = LoadingUIView.swift; sourceTree = "<group>"; };
		33E982312240099A004C0AC2 /* MultiSearchService.swift */ = {isa = PBXFileReference; lastKnownFileType = sourcecode.swift; path = MultiSearchService.swift; sourceTree = "<group>"; };
		33E9823322400EB4004C0AC2 /* MultiSearchRequest.swift */ = {isa = PBXFileReference; lastKnownFileType = sourcecode.swift; path = MultiSearchRequest.swift; sourceTree = "<group>"; };
		33EB3A60222DA5A0002956B8 /* MovieDetailsViewController.swift */ = {isa = PBXFileReference; lastKnownFileType = sourcecode.swift; path = MovieDetailsViewController.swift; sourceTree = "<group>"; };
		33F3A13C2228275A00AE02EF /* Movie.swift */ = {isa = PBXFileReference; lastKnownFileType = sourcecode.swift; path = Movie.swift; sourceTree = "<group>"; };
		33F465E022B62F5200AB5240 /* SCLAlertView.framework */ = {isa = PBXFileReference; explicitFileType = wrapper.framework; path = SCLAlertView.framework; sourceTree = BUILT_PRODUCTS_DIR; };
		33FFDF032264FF64005890FE /* SimilarMovieServiceTests.swift */ = {isa = PBXFileReference; lastKnownFileType = sourcecode.swift; path = SimilarMovieServiceTests.swift; sourceTree = "<group>"; };
		4B2B5DE633215640CD2AF1A3 /* Pods-CinePicker.release.xcconfig */ = {isa = PBXFileReference; includeInIndex = 1; lastKnownFileType = text.xcconfig; name = "Pods-CinePicker.release.xcconfig"; path = "Target Support Files/Pods-CinePicker/Pods-CinePicker.release.xcconfig"; sourceTree = "<group>"; };
		B0B3617F3497947F0ECAFA5F /* Pods-CinePicker.debug.xcconfig */ = {isa = PBXFileReference; includeInIndex = 1; lastKnownFileType = text.xcconfig; name = "Pods-CinePicker.debug.xcconfig"; path = "Target Support Files/Pods-CinePicker/Pods-CinePicker.debug.xcconfig"; sourceTree = "<group>"; };
		FB28B96D0997C9D692FF277F /* Pods_CinePicker.framework */ = {isa = PBXFileReference; explicitFileType = wrapper.framework; includeInIndex = 0; path = Pods_CinePicker.framework; sourceTree = BUILT_PRODUCTS_DIR; };
/* End PBXFileReference section */

/* Begin PBXFrameworksBuildPhase section */
		3372A9A5225FAE300064BACD /* Frameworks */ = {
			isa = PBXFrameworksBuildPhase;
			buildActionMask = 2147483647;
			files = (
			);
			runOnlyForDeploymentPostprocessing = 0;
		};
		338DC88922148BED006680A4 /* Frameworks */ = {
			isa = PBXFrameworksBuildPhase;
			buildActionMask = 2147483647;
			files = (
				6D7244E164521AA08B00270D /* Pods_CinePicker.framework in Frameworks */,
				33D61E2422B2B1E000250997 /* Agrume.framework in Frameworks */,
				33ADA7E22300BB13003D9CC3 /* LGButton.framework in Frameworks */,
				33F465E122B62F5200AB5240 /* SCLAlertView.framework in Frameworks */,
				33D61E2622B2B1E900250997 /* SwiftyGif.framework in Frameworks */,
			);
			runOnlyForDeploymentPostprocessing = 0;
		};
/* End PBXFrameworksBuildPhase section */

/* Begin PBXGroup section */
		330C015422280DEB002DEF5F /* Movies */ = {
			isa = PBXGroup;
			children = (
				3388E5C02233C978006FD414 /* Components */,
				33F3A13C2228275A00AE02EF /* Movie.swift */,
				330F4EED22D79EF20018D817 /* SavedMovie.swift */,
				33D548B722489D1E001F5A66 /* MovieDetails.swift */,
				334AA4AB22295F6D0078324F /* MovieService.swift */,
				338966722259C51B00AED073 /* SimilarMovieService.swift */,
				33896678225A1DC600AED073 /* SimilarMovieRequest.swift */,
				337E6CA522435D1900537CBA /* MovieListService.swift */,
				337E6CA72243679400537CBA /* MovieDetailsService.swift */,
			);
			path = Movies;
			sourceTree = "<group>";
		};
		331E39C22234E95700682742 /* MultiSearch */ = {
			isa = PBXGroup;
			children = (
				3388E5BF2233C969006FD414 /* Components */,
				331E39C322350E3000682742 /* MultiSearchEntity.swift */,
				33E9823322400EB4004C0AC2 /* MultiSearchRequest.swift */,
				33E982312240099A004C0AC2 /* MultiSearchService.swift */,
			);
			path = MultiSearch;
			sourceTree = "<group>";
		};
		332820142229B9D200463723 /* Config */ = {
			isa = PBXGroup;
			children = (
				3370AD2A22BA5FB40013CE40 /* CinePickerCaptions.swift */,
				3335AAFD222C754800ECB7B3 /* CinePickerColors.swift */,
				335810362229765F009F965B /* CinePickerConfig.swift */,
				33AF857E2427ECB50074B7AD /* CinePickerCountries.swift */,
				335C4F6824274A16009F758E /* CinePickerDimensions.swift */,
				33B47D3322D8C71900F9D5C3 /* CinePickerLanguageCode.swift */,
				3321DB5922F00C5C00A3EEAC /* CinePickerSettingKeys.swift */,
				33B5C7DE22FD96F200983774 /* CinePickerTheme.swift */,
				33AF857C2427EC190074B7AD /* Country.swift */,
				33802B0922310EBC004CE79A /* Genre.swift */,
				3371B2C02315A0AB0058DBE5 /* GenreService.swift */,
				330F4EEF22D79F460018D817 /* Tag.swift */,
			);
			path = Config;
			sourceTree = "<group>";
		};
		3353CE902225B9BE003EAD2A /* Common */ = {
			isa = PBXGroup;
			children = (
				3388E5BE2233C835006FD414 /* Components */,
				337E6CA42242C69300537CBA /* Controllers */,
				3395E5E924227E7600C61891 /* UIViewUtils */,
				3353CE912225BC16003EAD2A /* AsyncOperation.swift */,
				33A1306C223935FE009B804E /* AsyncResult.swift */,
				33027F6D22D1E39C007626BD /* CollectionViewCellIdentifiers.swift */,
				335BA4562236C95C0026979F /* DebounceActionService.swift */,
				33C0CAA322D21EAF00526EED /* MainStoryboardIdentifiers.swift */,
				3302A6F52234591C00466EC2 /* SegueIdentifiers.swift */,
				3388E5C72233D354006FD414 /* TableViewCellIdentifiers.swift */,
				3302A6ED2234326900466EC2 /* TableViewCellSender.swift */,
				3358103822297CEE009F965B /* URLBuilder.swift */,
			);
			path = Common;
			sourceTree = "<group>";
		};
		335BA4582236F7030026979F /* Errors */ = {
			isa = PBXGroup;
			children = (
				335BA4592236F7770026979F /* ResponseError.swift */,
			);
			path = Errors;
			sourceTree = "<group>";
		};
		3372A9A9225FAE300064BACD /* CinePickerUnitTests */ = {
			isa = PBXGroup;
			children = (
				33A1FAF1226E3E12007003E2 /* DebounceActionServiceTests.swift */,
				33BEBC39231D6C2800B095AD /* DiscoverSettingsServiceTests.swift */,
				335503EE22663ECC003ED14C /* MultiSearchServiceTests.swift */,
				33FFDF032264FF64005890FE /* SimilarMovieServiceTests.swift */,
				3322BAB72263230800E57494 /* MovieListServiceTests.swift */,
				3372A9AA225FAE300064BACD /* MovieDetailsServiceTests.swift */,
				3372A9B2225FB51B0064BACD /* Seeder.swift */,
				3372A9AC225FAE300064BACD /* Info.plist */,
			);
			path = CinePickerUnitTests;
			sourceTree = "<group>";
		};
		337E6CA42242C69300537CBA /* Controllers */ = {
			isa = PBXGroup;
			children = (
				337E6CA22242C2F300537CBA /* StateViewController.swift */,
			);
			path = Controllers;
			sourceTree = "<group>";
		};
		337E789D224C91D6006A6BE2 /* Components */ = {
			isa = PBXGroup;
			children = (
				337E789E224C938F006A6BE2 /* PersonListViewController.swift */,
			);
			path = Components;
			sourceTree = "<group>";
		};
		3388D795231015F100AB50A3 /* Components */ = {
			isa = PBXGroup;
			children = (
				33559EEE230EDC8900F867C5 /* DiscoverSettingsViewController.swift */,
				33BC14682316DD5D00917E5F /* DiscoverSettingsItemsToSelectViewController.swift */,
				33BC146A2316EBC600917E5F /* DiscoverSettingsItemsToSelectTableViewCell.swift */,
			);
			path = Components;
			sourceTree = "<group>";
		};
		3388E5BE2233C835006FD414 /* Components */ = {
			isa = PBXGroup;
			children = (
				3330BD7A2314495E006CC5CD /* DiscoverSettingsTableViewCell.swift */,
				3330BD7E23144AB1006CC5CD /* DiscoverSettingsTableViewCell.xib */,
				33DABDA42243C7F3003BF008 /* FailedLoadingTableViewCell.swift */,
				33DABDA22243C592003BF008 /* FailedLoadingTableViewCell.xib */,
				33C032A522427E2C009D78F6 /* FailedLoadingUIView.swift */,
				33C032A3224277CC009D78F6 /* FailedLoadingUIView.xib */,
				330A59FB224C098100B0ED22 /* HeaderTableViewCell.swift */,
				330A59F9224BDB6200B0ED22 /* HeaderTableViewCell.xib */,
				33B3D4F123142906003C0A12 /* HeaderUIView.swift */,
				33B3D4F323142931003C0A12 /* HeaderUIView.xib */,
				33D548BD2248F6E0001F5A66 /* HeaderWithTagsUIView.swift */,
				33D548BB2248F2CA001F5A66 /* HeaderWithTagsUIView.xib */,
				33DABDA02243BEAA003BF008 /* LoadingTableViewCell.swift */,
				33349E6F224390D700970A55 /* LoadingTableViewCell.xib */,
				33E82BDF22BA80AF00C6A36B /* LoadingUIView.swift */,
				339005672242A120001CAF91 /* LoadingUIView.xib */,
				3390056522429B7A001CAF91 /* MessageUIView.swift */,
				3390056322429AB2001CAF91 /* MessageUIView.xib */,
				33027F6922D1DF35007626BD /* MovieCollectionCollectionViewCell.swift */,
				33027F6A22D1DF35007626BD /* MovieCollectionCollectionViewCell.xib */,
				33027F6522CFA914007626BD /* MovieCollectionTableViewCell.swift */,
				33027F6622CFA914007626BD /* MovieCollectionTableViewCell.xib */,
				3302A6EF2234402500466EC2 /* MovieTableViewCell.swift */,
				3302A6F12234422700466EC2 /* MovieTableViewCell.xib */,
				3388E5C12233C9EA006FD414 /* PersonTableViewCell.swift */,
				3302A6EB22342CF300466EC2 /* PersonTableViewCell.xib */,
			);
			path = Components;
			sourceTree = "<group>";
		};
		3388E5BF2233C969006FD414 /* Components */ = {
			isa = PBXGroup;
			children = (
				338DC89122148BED006680A4 /* MultiSearchViewController.swift */,
			);
			path = Components;
			sourceTree = "<group>";
		};
		3388E5C02233C978006FD414 /* Components */ = {
			isa = PBXGroup;
			children = (
				330C015522280E35002DEF5F /* MovieListViewController.swift */,
				33EB3A60222DA5A0002956B8 /* MovieDetailsViewController.swift */,
				338966702259B53700AED073 /* RequestedMoviesViewController.swift */,
				33AC4A0E222EF7FF001F7EAB /* MovieDetailsTableViewCell.swift */,
				3382900F22454A6D000359D9 /* MovieDetailsTagsTableViewCell.swift */,
				33AC4A0C222EEF12001F7EAB /* MovieDetailsOverviewTableViewCell.swift */,
			);
			path = Components;
			sourceTree = "<group>";
		};
		338DC88322148BED006680A4 = {
			isa = PBXGroup;
			children = (
				338DC88E22148BED006680A4 /* CinePicker */,
				3372A9A9225FAE300064BACD /* CinePickerUnitTests */,
				338DC88D22148BED006680A4 /* Products */,
				70B08D85756F30F162C502B6 /* Pods */,
				655AB316821175858F84DFC6 /* Frameworks */,
			);
			sourceTree = "<group>";
		};
		338DC88D22148BED006680A4 /* Products */ = {
			isa = PBXGroup;
			children = (
				338DC88C22148BED006680A4 /* CinePicker.app */,
				3372A9A8225FAE300064BACD /* CinePickerUnitTests.xctest */,
			);
			name = Products;
			sourceTree = "<group>";
		};
		338DC88E22148BED006680A4 /* CinePicker */ = {
			isa = PBXGroup;
			children = (
				338DC89622148BED006680A4 /* Assets.xcassets */,
				3353CE902225B9BE003EAD2A /* Common */,
				339F958C230DB52500943B04 /* Discover */,
				335BA4582236F7030026979F /* Errors */,
				331E39C22234E95700682742 /* MultiSearch */,
				338DC8A122149170006680A4 /* People */,
				330C015422280DEB002DEF5F /* Movies */,
				332820142229B9D200463723 /* Config */,
				33C4767A2245FDB7006FF3DC /* CinePickerDatabase */,
				338DC89322148BED006680A4 /* Main.storyboard */,
				33A181D422D4FBDF003A907C /* CinePickerDatabase.xcdatamodeld */,
				338DC88F22148BED006680A4 /* AppDelegate.swift */,
				338DC89822148BED006680A4 /* LaunchScreen.storyboard */,
				338DC89B22148BED006680A4 /* Info.plist */,
			);
			path = CinePicker;
			sourceTree = "<group>";
		};
		338DC8A122149170006680A4 /* People */ = {
			isa = PBXGroup;
			children = (
				337E789D224C91D6006A6BE2 /* Components */,
				338DC8A4221492B8006680A4 /* Person.swift */,
				3320C40722354B4000755EC8 /* PopularPerson.swift */,
				3344AEF0223156E700168A72 /* Character.swift */,
				331F5BF9224BAA27008A8607 /* CrewPerson.swift */,
				3353CE932225BCD7003EAD2A /* PersonService.swift */,
				337E78A0224C9808006A6BE2 /* GoToPersonListTableViewCellSender.swift */,
				337E78A4224C98CB006A6BE2 /* PersonListType.swift */,
			);
			path = People;
			sourceTree = "<group>";
		};
		3395E5E924227E7600C61891 /* UIViewUtils */ = {
			isa = PBXGroup;
			children = (
				33B895A4241FFDB0009CBC35 /* ImageFromInternetViewCell.swift */,
				33B895A2241FFD6A009CBC35 /* ImageFromInternetViewCellAdapter.swift */,
				3353CE992225DA6F003EAD2A /* ImageService.swift */,
				3346F7D0242358850086A815 /* UIAlertUtils.swift */,
				3395E5EA24227FB000C61891 /* UIImageUtils.swift */,
				33475F41223041C30076F2FC /* UIViewUtils.swift */,
				331D8FCB2422951200E598CD /* UIViewUtilsFactory.swift */,
			);
			path = UIViewUtils;
			sourceTree = "<group>";
		};
		339F958C230DB52500943B04 /* Discover */ = {
			isa = PBXGroup;
			children = (
				3388D795231015F100AB50A3 /* Components */,
				3371B2C22315A66F0058DBE5 /* DiscoverSettingsService.swift */,
				33BC146C2316EEE000917E5F /* DiscoverSettingsItemToSelect.swift */,
				33BEBC3B231D761500B095AD /* NumericDiscoverSettingsItemToSelect.swift */,
				3305033B2423682000F7930B /* RequestToDiscoverMovies.swift */,
			);
			path = Discover;
			sourceTree = "<group>";
		};
		33C4767A2245FDB7006FF3DC /* CinePickerDatabase */ = {
			isa = PBXGroup;
			children = (
				336B108022D512F800DEF79F /* DatabaseEntity.swift */,
				336B107A22D50F3300DEF79F /* DatabaseManager.swift */,
				336B107822D5083B00DEF79F /* MovieRepository.swift */,
				330F4EF122D7A1D10018D817 /* TagRepository.swift */,
				330F4EF322D7AB8D0018D817 /* SystemTagName.swift */,
			);
			path = CinePickerDatabase;
			sourceTree = "<group>";
		};
		655AB316821175858F84DFC6 /* Frameworks */ = {
			isa = PBXGroup;
			children = (
				33ADA7E12300BB13003D9CC3 /* LGButton.framework */,
				33F465E022B62F5200AB5240 /* SCLAlertView.framework */,
				33D61E2522B2B1E900250997 /* SwiftyGif.framework */,
				33D61E2322B2B1E000250997 /* Agrume.framework */,
				FB28B96D0997C9D692FF277F /* Pods_CinePicker.framework */,
			);
			name = Frameworks;
			sourceTree = "<group>";
		};
		70B08D85756F30F162C502B6 /* Pods */ = {
			isa = PBXGroup;
			children = (
				B0B3617F3497947F0ECAFA5F /* Pods-CinePicker.debug.xcconfig */,
				4B2B5DE633215640CD2AF1A3 /* Pods-CinePicker.release.xcconfig */,
			);
			path = Pods;
			sourceTree = "<group>";
		};
/* End PBXGroup section */

/* Begin PBXNativeTarget section */
		3372A9A7225FAE300064BACD /* CinePickerUnitTests */ = {
			isa = PBXNativeTarget;
			buildConfigurationList = 3372A9B1225FAE300064BACD /* Build configuration list for PBXNativeTarget "CinePickerUnitTests" */;
			buildPhases = (
				3372A9A4225FAE300064BACD /* Sources */,
				3372A9A5225FAE300064BACD /* Frameworks */,
				3372A9A6225FAE300064BACD /* Resources */,
			);
			buildRules = (
			);
			dependencies = (
				3372A9AE225FAE300064BACD /* PBXTargetDependency */,
			);
			name = CinePickerUnitTests;
			productName = CinePickerUnitTests;
			productReference = 3372A9A8225FAE300064BACD /* CinePickerUnitTests.xctest */;
			productType = "com.apple.product-type.bundle.unit-test";
		};
		338DC88B22148BED006680A4 /* CinePicker */ = {
			isa = PBXNativeTarget;
			buildConfigurationList = 338DC89E22148BED006680A4 /* Build configuration list for PBXNativeTarget "CinePicker" */;
			buildPhases = (
				B73880448B3756945BE5C9D0 /* [CP] Check Pods Manifest.lock */,
				338DC88822148BED006680A4 /* Sources */,
				338DC88922148BED006680A4 /* Frameworks */,
				338DC88A22148BED006680A4 /* Resources */,
				42A75A448EF258E79F8E220C /* [CP] Embed Pods Frameworks */,
			);
			buildRules = (
			);
			dependencies = (
			);
			name = CinePicker;
			productName = MoviePicker;
			productReference = 338DC88C22148BED006680A4 /* CinePicker.app */;
			productType = "com.apple.product-type.application";
		};
/* End PBXNativeTarget section */

/* Begin PBXProject section */
		338DC88422148BED006680A4 /* Project object */ = {
			isa = PBXProject;
			attributes = {
				LastSwiftUpdateCheck = 1020;
				LastUpgradeCheck = 1010;
				ORGANIZATIONNAME = "Maxim Krylov";
				TargetAttributes = {
					3372A9A7225FAE300064BACD = {
						CreatedOnToolsVersion = 10.2;
						TestTargetID = 338DC88B22148BED006680A4;
					};
					338DC88B22148BED006680A4 = {
						CreatedOnToolsVersion = 10.1;
						LastSwiftMigration = 1030;
					};
				};
			};
			buildConfigurationList = 338DC88722148BED006680A4 /* Build configuration list for PBXProject "CinePicker" */;
			compatibilityVersion = "Xcode 9.3";
			developmentRegion = en;
			hasScannedForEncodings = 0;
			knownRegions = (
				en,
				Base,
			);
			mainGroup = 338DC88322148BED006680A4;
			productRefGroup = 338DC88D22148BED006680A4 /* Products */;
			projectDirPath = "";
			projectRoot = "";
			targets = (
				338DC88B22148BED006680A4 /* CinePicker */,
				3372A9A7225FAE300064BACD /* CinePickerUnitTests */,
			);
		};
/* End PBXProject section */

/* Begin PBXResourcesBuildPhase section */
		3372A9A6225FAE300064BACD /* Resources */ = {
			isa = PBXResourcesBuildPhase;
			buildActionMask = 2147483647;
			files = (
			);
			runOnlyForDeploymentPostprocessing = 0;
		};
		338DC88A22148BED006680A4 /* Resources */ = {
			isa = PBXResourcesBuildPhase;
			buildActionMask = 2147483647;
			files = (
				338DC89A22148BED006680A4 /* LaunchScreen.storyboard in Resources */,
				339005682242A120001CAF91 /* LoadingUIView.xib in Resources */,
				3302A6F22234422700466EC2 /* MovieTableViewCell.xib in Resources */,
				33B3D4F423142931003C0A12 /* HeaderUIView.xib in Resources */,
				33349E70224390D700970A55 /* LoadingTableViewCell.xib in Resources */,
				330A59FA224BDB6200B0ED22 /* HeaderTableViewCell.xib in Resources */,
				3390056422429AB2001CAF91 /* MessageUIView.xib in Resources */,
				338DC89722148BED006680A4 /* Assets.xcassets in Resources */,
				33027F6C22D1DF35007626BD /* MovieCollectionCollectionViewCell.xib in Resources */,
				3302A6EC22342CF300466EC2 /* PersonTableViewCell.xib in Resources */,
				33027F6822CFA914007626BD /* MovieCollectionTableViewCell.xib in Resources */,
				33D548BC2248F2CA001F5A66 /* HeaderWithTagsUIView.xib in Resources */,
				33DABDA32243C592003BF008 /* FailedLoadingTableViewCell.xib in Resources */,
				33C032A4224277CC009D78F6 /* FailedLoadingUIView.xib in Resources */,
				338DC89522148BED006680A4 /* Main.storyboard in Resources */,
				3330BD7F23144AB1006CC5CD /* DiscoverSettingsTableViewCell.xib in Resources */,
			);
			runOnlyForDeploymentPostprocessing = 0;
		};
/* End PBXResourcesBuildPhase section */

/* Begin PBXShellScriptBuildPhase section */
		42A75A448EF258E79F8E220C /* [CP] Embed Pods Frameworks */ = {
			isa = PBXShellScriptBuildPhase;
			buildActionMask = 2147483647;
			files = (
			);
			inputFileListPaths = (
				"${PODS_ROOT}/Target Support Files/Pods-CinePicker/Pods-CinePicker-frameworks-${CONFIGURATION}-input-files.xcfilelist",
			);
			name = "[CP] Embed Pods Frameworks";
			outputFileListPaths = (
				"${PODS_ROOT}/Target Support Files/Pods-CinePicker/Pods-CinePicker-frameworks-${CONFIGURATION}-output-files.xcfilelist",
			);
			runOnlyForDeploymentPostprocessing = 0;
			shellPath = /bin/sh;
			shellScript = "\"${PODS_ROOT}/Target Support Files/Pods-CinePicker/Pods-CinePicker-frameworks.sh\"\n";
			showEnvVarsInLog = 0;
		};
		B73880448B3756945BE5C9D0 /* [CP] Check Pods Manifest.lock */ = {
			isa = PBXShellScriptBuildPhase;
			buildActionMask = 2147483647;
			files = (
			);
			inputFileListPaths = (
			);
			inputPaths = (
				"${PODS_PODFILE_DIR_PATH}/Podfile.lock",
				"${PODS_ROOT}/Manifest.lock",
			);
			name = "[CP] Check Pods Manifest.lock";
			outputFileListPaths = (
			);
			outputPaths = (
				"$(DERIVED_FILE_DIR)/Pods-CinePicker-checkManifestLockResult.txt",
			);
			runOnlyForDeploymentPostprocessing = 0;
			shellPath = /bin/sh;
			shellScript = "diff \"${PODS_PODFILE_DIR_PATH}/Podfile.lock\" \"${PODS_ROOT}/Manifest.lock\" > /dev/null\nif [ $? != 0 ] ; then\n    # print error to STDERR\n    echo \"error: The sandbox is not in sync with the Podfile.lock. Run 'pod install' or update your CocoaPods installation.\" >&2\n    exit 1\nfi\n# This output is used by Xcode 'outputs' to avoid re-running this script phase.\necho \"SUCCESS\" > \"${SCRIPT_OUTPUT_FILE_0}\"\n";
			showEnvVarsInLog = 0;
		};
/* End PBXShellScriptBuildPhase section */

/* Begin PBXSourcesBuildPhase section */
		3372A9A4225FAE300064BACD /* Sources */ = {
			isa = PBXSourcesBuildPhase;
			buildActionMask = 2147483647;
			files = (
				33A1FAF2226E3E12007003E2 /* DebounceActionServiceTests.swift in Sources */,
				3322BAB82263230800E57494 /* MovieListServiceTests.swift in Sources */,
				3372A9B3225FB51B0064BACD /* Seeder.swift in Sources */,
				33FFDF042264FF64005890FE /* SimilarMovieServiceTests.swift in Sources */,
				335503EF22663ECC003ED14C /* MultiSearchServiceTests.swift in Sources */,
				33BEBC3A231D6C2800B095AD /* DiscoverSettingsServiceTests.swift in Sources */,
				3372A9AB225FAE300064BACD /* MovieDetailsServiceTests.swift in Sources */,
			);
			runOnlyForDeploymentPostprocessing = 0;
		};
		338DC88822148BED006680A4 /* Sources */ = {
			isa = PBXSourcesBuildPhase;
			buildActionMask = 2147483647;
			files = (
				3353CE9A2225DA6F003EAD2A /* ImageService.swift in Sources */,
				33BEBC3C231D761500B095AD /* NumericDiscoverSettingsItemToSelect.swift in Sources */,
				330A59FC224C098100B0ED22 /* HeaderTableViewCell.swift in Sources */,
				33AC4A0F222EF7FF001F7EAB /* MovieDetailsTableViewCell.swift in Sources */,
				33A1306D223935FE009B804E /* AsyncResult.swift in Sources */,
				3395E5EB24227FB000C61891 /* UIImageUtils.swift in Sources */,
				337E78A5224C98CB006A6BE2 /* PersonListType.swift in Sources */,
				33C0CAA422D21EAF00526EED /* MainStoryboardIdentifiers.swift in Sources */,
				331F5BFA224BAA27008A8607 /* CrewPerson.swift in Sources */,
				3388E5C82233D354006FD414 /* TableViewCellIdentifiers.swift in Sources */,
				336B107B22D50F3300DEF79F /* DatabaseManager.swift in Sources */,
				330F4EF222D7A1D10018D817 /* TagRepository.swift in Sources */,
				3320C40822354B4000755EC8 /* PopularPerson.swift in Sources */,
				338966732259C51B00AED073 /* SimilarMovieService.swift in Sources */,
				330F4EF422D7AB8D0018D817 /* SystemTagName.swift in Sources */,
				331D8FCC2422951200E598CD /* UIViewUtilsFactory.swift in Sources */,
				337E6CA622435D1900537CBA /* MovieListService.swift in Sources */,
				33BC146B2316EBC600917E5F /* DiscoverSettingsItemsToSelectTableViewCell.swift in Sources */,
				33D548BE2248F6E0001F5A66 /* HeaderWithTagsUIView.swift in Sources */,
				33E982322240099A004C0AC2 /* MultiSearchService.swift in Sources */,
				33BC146D2316EEE000917E5F /* DiscoverSettingsItemToSelect.swift in Sources */,
				338DC89222148BED006680A4 /* MultiSearchViewController.swift in Sources */,
				3302A6EE2234326900466EC2 /* TableViewCellSender.swift in Sources */,
				33559EEF230EDC8900F867C5 /* DiscoverSettingsViewController.swift in Sources */,
				3302A6F62234591C00466EC2 /* SegueIdentifiers.swift in Sources */,
				33AC4A0D222EEF12001F7EAB /* MovieDetailsOverviewTableViewCell.swift in Sources */,
				336B108122D512F800DEF79F /* DatabaseEntity.swift in Sources */,
				3370AD2B22BA5FB40013CE40 /* CinePickerCaptions.swift in Sources */,
				33802B0A22310EBC004CE79A /* Genre.swift in Sources */,
				33AF857F2427ECB50074B7AD /* CinePickerCountries.swift in Sources */,
				335BA4572236C95C0026979F /* DebounceActionService.swift in Sources */,
				3321DB5A22F00C5C00A3EEAC /* CinePickerSettingKeys.swift in Sources */,
				330F4EF022D79F460018D817 /* Tag.swift in Sources */,
				3353CE942225BCD7003EAD2A /* PersonService.swift in Sources */,
				3358103922297CEE009F965B /* URLBuilder.swift in Sources */,
				335C4F6924274A16009F758E /* CinePickerDimensions.swift in Sources */,
				3302A6F02234402500466EC2 /* MovieTableViewCell.swift in Sources */,
				3346F7D1242358850086A815 /* UIAlertUtils.swift in Sources */,
				33027F6722CFA914007626BD /* MovieCollectionTableViewCell.swift in Sources */,
				33B5C7DF22FD96F200983774 /* CinePickerTheme.swift in Sources */,
				33EB3A61222DA5A0002956B8 /* MovieDetailsViewController.swift in Sources */,
				338966712259B53700AED073 /* RequestedMoviesViewController.swift in Sources */,
				3371B2C32315A66F0058DBE5 /* DiscoverSettingsService.swift in Sources */,
				33AF857D2427EC190074B7AD /* Country.swift in Sources */,
				33027F6E22D1E39C007626BD /* CollectionViewCellIdentifiers.swift in Sources */,
				33B895A5241FFDB0009CBC35 /* ImageFromInternetViewCell.swift in Sources */,
				337E6CA32242C2F300537CBA /* StateViewController.swift in Sources */,
				331E39C422350E3000682742 /* MultiSearchEntity.swift in Sources */,
				3344AEF1223156E700168A72 /* Character.swift in Sources */,
				33F3A13D2228275A00AE02EF /* Movie.swift in Sources */,
				337E6CA82243679400537CBA /* MovieDetailsService.swift in Sources */,
				337E78A1224C9808006A6BE2 /* GoToPersonListTableViewCellSender.swift in Sources */,
				337E789F224C938F006A6BE2 /* PersonListViewController.swift in Sources */,
				338DC89022148BED006680A4 /* AppDelegate.swift in Sources */,
				33B895A3241FFD6A009CBC35 /* ImageFromInternetViewCellAdapter.swift in Sources */,
				336B107922D5083B00DEF79F /* MovieRepository.swift in Sources */,
				3305033C2423682000F7930B /* RequestToDiscoverMovies.swift in Sources */,
				3353CE922225BC16003EAD2A /* AsyncOperation.swift in Sources */,
				33D548B822489D1E001F5A66 /* MovieDetails.swift in Sources */,
				33027F6B22D1DF35007626BD /* MovieCollectionCollectionViewCell.swift in Sources */,
				33E82BE022BA80AF00C6A36B /* LoadingUIView.swift in Sources */,
				3371B2C12315A0AB0058DBE5 /* GenreService.swift in Sources */,
				338DC8A5221492B8006680A4 /* Person.swift in Sources */,
				33C032A622427E2C009D78F6 /* FailedLoadingUIView.swift in Sources */,
				33A181D622D4FBDF003A907C /* CinePickerDatabase.xcdatamodeld in Sources */,
				3388E5C32233C9EA006FD414 /* PersonTableViewCell.swift in Sources */,
				33896679225A1DC600AED073 /* SimilarMovieRequest.swift in Sources */,
				33B47D3422D8C71900F9D5C3 /* CinePickerLanguageCode.swift in Sources */,
				33DABDA12243BEAA003BF008 /* LoadingTableViewCell.swift in Sources */,
				3330BD7C2314495E006CC5CD /* DiscoverSettingsTableViewCell.swift in Sources */,
				335810372229765F009F965B /* CinePickerConfig.swift in Sources */,
				330F4EEE22D79EF20018D817 /* SavedMovie.swift in Sources */,
				330C015622280E35002DEF5F /* MovieListViewController.swift in Sources */,
				3390056622429B7A001CAF91 /* MessageUIView.swift in Sources */,
				33BC14692316DD5D00917E5F /* DiscoverSettingsItemsToSelectViewController.swift in Sources */,
				3382901022454A6D000359D9 /* MovieDetailsTagsTableViewCell.swift in Sources */,
				33DABDA52243C7F3003BF008 /* FailedLoadingTableViewCell.swift in Sources */,
				335BA45A2236F7770026979F /* ResponseError.swift in Sources */,
				33B3D4F223142906003C0A12 /* HeaderUIView.swift in Sources */,
				33475F42223041C30076F2FC /* UIViewUtils.swift in Sources */,
				334AA4AC22295F6D0078324F /* MovieService.swift in Sources */,
				33E9823422400EB4004C0AC2 /* MultiSearchRequest.swift in Sources */,
				3335AAFE222C754800ECB7B3 /* CinePickerColors.swift in Sources */,
			);
			runOnlyForDeploymentPostprocessing = 0;
		};
/* End PBXSourcesBuildPhase section */

/* Begin PBXTargetDependency section */
		3372A9AE225FAE300064BACD /* PBXTargetDependency */ = {
			isa = PBXTargetDependency;
			target = 338DC88B22148BED006680A4 /* CinePicker */;
			targetProxy = 3372A9AD225FAE300064BACD /* PBXContainerItemProxy */;
		};
/* End PBXTargetDependency section */

/* Begin PBXVariantGroup section */
		338DC89322148BED006680A4 /* Main.storyboard */ = {
			isa = PBXVariantGroup;
			children = (
				338DC89422148BED006680A4 /* Base */,
			);
			name = Main.storyboard;
			sourceTree = "<group>";
		};
		338DC89822148BED006680A4 /* LaunchScreen.storyboard */ = {
			isa = PBXVariantGroup;
			children = (
				338DC89922148BED006680A4 /* Base */,
			);
			name = LaunchScreen.storyboard;
			sourceTree = "<group>";
		};
/* End PBXVariantGroup section */

/* Begin XCBuildConfiguration section */
		3372A9AF225FAE300064BACD /* Debug */ = {
			isa = XCBuildConfiguration;
			buildSettings = {
				BUNDLE_LOADER = "$(TEST_HOST)";
				CODE_SIGN_STYLE = Automatic;
				DEVELOPMENT_TEAM = 6U649BQYH3;
				INFOPLIST_FILE = CinePickerUnitTests/Info.plist;
				IPHONEOS_DEPLOYMENT_TARGET = 13.0;
				LD_RUNPATH_SEARCH_PATHS = (
					"$(inherited)",
					"@executable_path/Frameworks",
					"@loader_path/Frameworks",
				);
				PRODUCT_BUNDLE_IDENTIFIER = maxim.kryloff.CinePickerUnitTests;
				PRODUCT_NAME = "$(TARGET_NAME)";
				SWIFT_VERSION = 5.0;
				TARGETED_DEVICE_FAMILY = "1,2";
				TEST_HOST = "$(BUILT_PRODUCTS_DIR)/CinePicker.app/CinePicker";
			};
			name = Debug;
		};
		3372A9B0225FAE300064BACD /* Release */ = {
			isa = XCBuildConfiguration;
			buildSettings = {
				BUNDLE_LOADER = "$(TEST_HOST)";
				CODE_SIGN_STYLE = Automatic;
				DEVELOPMENT_TEAM = 6U649BQYH3;
				INFOPLIST_FILE = CinePickerUnitTests/Info.plist;
				IPHONEOS_DEPLOYMENT_TARGET = 13.0;
				LD_RUNPATH_SEARCH_PATHS = (
					"$(inherited)",
					"@executable_path/Frameworks",
					"@loader_path/Frameworks",
				);
				PRODUCT_BUNDLE_IDENTIFIER = maxim.kryloff.CinePickerUnitTests;
				PRODUCT_NAME = "$(TARGET_NAME)";
				SWIFT_VERSION = 5.0;
				TARGETED_DEVICE_FAMILY = "1,2";
				TEST_HOST = "$(BUILT_PRODUCTS_DIR)/CinePicker.app/CinePicker";
			};
			name = Release;
		};
		338DC89C22148BED006680A4 /* Debug */ = {
			isa = XCBuildConfiguration;
			buildSettings = {
				ALWAYS_SEARCH_USER_PATHS = NO;
				CLANG_ANALYZER_NONNULL = YES;
				CLANG_ANALYZER_NUMBER_OBJECT_CONVERSION = YES_AGGRESSIVE;
				CLANG_CXX_LANGUAGE_STANDARD = "gnu++14";
				CLANG_CXX_LIBRARY = "libc++";
				CLANG_ENABLE_MODULES = YES;
				CLANG_ENABLE_OBJC_ARC = YES;
				CLANG_ENABLE_OBJC_WEAK = YES;
				CLANG_WARN_BLOCK_CAPTURE_AUTORELEASING = YES;
				CLANG_WARN_BOOL_CONVERSION = YES;
				CLANG_WARN_COMMA = YES;
				CLANG_WARN_CONSTANT_CONVERSION = YES;
				CLANG_WARN_DEPRECATED_OBJC_IMPLEMENTATIONS = YES;
				CLANG_WARN_DIRECT_OBJC_ISA_USAGE = YES_ERROR;
				CLANG_WARN_DOCUMENTATION_COMMENTS = YES;
				CLANG_WARN_EMPTY_BODY = YES;
				CLANG_WARN_ENUM_CONVERSION = YES;
				CLANG_WARN_INFINITE_RECURSION = YES;
				CLANG_WARN_INT_CONVERSION = YES;
				CLANG_WARN_NON_LITERAL_NULL_CONVERSION = YES;
				CLANG_WARN_OBJC_IMPLICIT_RETAIN_SELF = YES;
				CLANG_WARN_OBJC_LITERAL_CONVERSION = YES;
				CLANG_WARN_OBJC_ROOT_CLASS = YES_ERROR;
				CLANG_WARN_RANGE_LOOP_ANALYSIS = YES;
				CLANG_WARN_STRICT_PROTOTYPES = YES;
				CLANG_WARN_SUSPICIOUS_MOVE = YES;
				CLANG_WARN_UNGUARDED_AVAILABILITY = YES_AGGRESSIVE;
				CLANG_WARN_UNREACHABLE_CODE = YES;
				CLANG_WARN__DUPLICATE_METHOD_MATCH = YES;
				CODE_SIGN_IDENTITY = "iPhone Developer";
				COPY_PHASE_STRIP = NO;
				DEBUG_INFORMATION_FORMAT = dwarf;
				ENABLE_STRICT_OBJC_MSGSEND = YES;
				ENABLE_TESTABILITY = YES;
				GCC_C_LANGUAGE_STANDARD = gnu11;
				GCC_DYNAMIC_NO_PIC = NO;
				GCC_NO_COMMON_BLOCKS = YES;
				GCC_OPTIMIZATION_LEVEL = 0;
				GCC_PREPROCESSOR_DEFINITIONS = (
					"DEBUG=1",
					"$(inherited)",
				);
				GCC_WARN_64_TO_32_BIT_CONVERSION = YES;
				GCC_WARN_ABOUT_RETURN_TYPE = YES_ERROR;
				GCC_WARN_UNDECLARED_SELECTOR = YES;
				GCC_WARN_UNINITIALIZED_AUTOS = YES_AGGRESSIVE;
				GCC_WARN_UNUSED_FUNCTION = YES;
				GCC_WARN_UNUSED_VARIABLE = YES;
				IPHONEOS_DEPLOYMENT_TARGET = 13.0;
				MTL_ENABLE_DEBUG_INFO = INCLUDE_SOURCE;
				MTL_FAST_MATH = YES;
				ONLY_ACTIVE_ARCH = YES;
				SDKROOT = iphoneos;
				SWIFT_ACTIVE_COMPILATION_CONDITIONS = DEBUG;
				SWIFT_OPTIMIZATION_LEVEL = "-Onone";
			};
			name = Debug;
		};
		338DC89D22148BED006680A4 /* Release */ = {
			isa = XCBuildConfiguration;
			buildSettings = {
				ALWAYS_SEARCH_USER_PATHS = NO;
				CLANG_ANALYZER_NONNULL = YES;
				CLANG_ANALYZER_NUMBER_OBJECT_CONVERSION = YES_AGGRESSIVE;
				CLANG_CXX_LANGUAGE_STANDARD = "gnu++14";
				CLANG_CXX_LIBRARY = "libc++";
				CLANG_ENABLE_MODULES = YES;
				CLANG_ENABLE_OBJC_ARC = YES;
				CLANG_ENABLE_OBJC_WEAK = YES;
				CLANG_WARN_BLOCK_CAPTURE_AUTORELEASING = YES;
				CLANG_WARN_BOOL_CONVERSION = YES;
				CLANG_WARN_COMMA = YES;
				CLANG_WARN_CONSTANT_CONVERSION = YES;
				CLANG_WARN_DEPRECATED_OBJC_IMPLEMENTATIONS = YES;
				CLANG_WARN_DIRECT_OBJC_ISA_USAGE = YES_ERROR;
				CLANG_WARN_DOCUMENTATION_COMMENTS = YES;
				CLANG_WARN_EMPTY_BODY = YES;
				CLANG_WARN_ENUM_CONVERSION = YES;
				CLANG_WARN_INFINITE_RECURSION = YES;
				CLANG_WARN_INT_CONVERSION = YES;
				CLANG_WARN_NON_LITERAL_NULL_CONVERSION = YES;
				CLANG_WARN_OBJC_IMPLICIT_RETAIN_SELF = YES;
				CLANG_WARN_OBJC_LITERAL_CONVERSION = YES;
				CLANG_WARN_OBJC_ROOT_CLASS = YES_ERROR;
				CLANG_WARN_RANGE_LOOP_ANALYSIS = YES;
				CLANG_WARN_STRICT_PROTOTYPES = YES;
				CLANG_WARN_SUSPICIOUS_MOVE = YES;
				CLANG_WARN_UNGUARDED_AVAILABILITY = YES_AGGRESSIVE;
				CLANG_WARN_UNREACHABLE_CODE = YES;
				CLANG_WARN__DUPLICATE_METHOD_MATCH = YES;
				CODE_SIGN_IDENTITY = "iPhone Developer";
				COPY_PHASE_STRIP = NO;
				DEBUG_INFORMATION_FORMAT = "dwarf-with-dsym";
				ENABLE_NS_ASSERTIONS = NO;
				ENABLE_STRICT_OBJC_MSGSEND = YES;
				GCC_C_LANGUAGE_STANDARD = gnu11;
				GCC_NO_COMMON_BLOCKS = YES;
				GCC_WARN_64_TO_32_BIT_CONVERSION = YES;
				GCC_WARN_ABOUT_RETURN_TYPE = YES_ERROR;
				GCC_WARN_UNDECLARED_SELECTOR = YES;
				GCC_WARN_UNINITIALIZED_AUTOS = YES_AGGRESSIVE;
				GCC_WARN_UNUSED_FUNCTION = YES;
				GCC_WARN_UNUSED_VARIABLE = YES;
				IPHONEOS_DEPLOYMENT_TARGET = 13.0;
				MTL_ENABLE_DEBUG_INFO = NO;
				MTL_FAST_MATH = YES;
				SDKROOT = iphoneos;
				SWIFT_COMPILATION_MODE = wholemodule;
				SWIFT_OPTIMIZATION_LEVEL = "-O";
				VALIDATE_PRODUCT = YES;
			};
			name = Release;
		};
		338DC89F22148BED006680A4 /* Debug */ = {
			isa = XCBuildConfiguration;
			baseConfigurationReference = B0B3617F3497947F0ECAFA5F /* Pods-CinePicker.debug.xcconfig */;
			buildSettings = {
				ASSETCATALOG_COMPILER_APPICON_NAME = AppIcon;
				CODE_SIGN_IDENTITY = "iPhone Developer";
				CODE_SIGN_STYLE = Manual;
				DEVELOPMENT_TEAM = 6U649BQYH3;
				INFOPLIST_FILE = "$(SRCROOT)/CinePicker/Info.plist";
				IPHONEOS_DEPLOYMENT_TARGET = 13.0;
				LD_RUNPATH_SEARCH_PATHS = (
					"$(inherited)",
					"@executable_path/Frameworks",
				);
				PRODUCT_BUNDLE_IDENTIFIER = maxim.kryloff.CinePicker;
				PRODUCT_NAME = "$(TARGET_NAME)";
				PROVISIONING_PROFILE_SPECIFIER = "CinePicker - Maxim's iPhone iOS Development";
				SWIFT_VERSION = 5.0;
				TARGETED_DEVICE_FAMILY = 1;
			};
			name = Debug;
		};
		338DC8A022148BED006680A4 /* Release */ = {
			isa = XCBuildConfiguration;
			baseConfigurationReference = 4B2B5DE633215640CD2AF1A3 /* Pods-CinePicker.release.xcconfig */;
			buildSettings = {
				ASSETCATALOG_COMPILER_APPICON_NAME = AppIcon;
				CODE_SIGN_IDENTITY = "iPhone Developer";
				CODE_SIGN_STYLE = Manual;
				DEVELOPMENT_TEAM = 6U649BQYH3;
				INFOPLIST_FILE = "$(SRCROOT)/CinePicker/Info.plist";
				IPHONEOS_DEPLOYMENT_TARGET = 13.0;
				LD_RUNPATH_SEARCH_PATHS = (
					"$(inherited)",
					"@executable_path/Frameworks",
				);
				PRODUCT_BUNDLE_IDENTIFIER = maxim.kryloff.CinePicker;
				PRODUCT_NAME = "$(TARGET_NAME)";
				PROVISIONING_PROFILE_SPECIFIER = "CinePicker - Maxim's iPhone iOS Development";
				SWIFT_VERSION = 5.0;
				TARGETED_DEVICE_FAMILY = 1;
			};
			name = Release;
		};
/* End XCBuildConfiguration section */

/* Begin XCConfigurationList section */
		3372A9B1225FAE300064BACD /* Build configuration list for PBXNativeTarget "CinePickerUnitTests" */ = {
			isa = XCConfigurationList;
			buildConfigurations = (
				3372A9AF225FAE300064BACD /* Debug */,
				3372A9B0225FAE300064BACD /* Release */,
			);
			defaultConfigurationIsVisible = 0;
			defaultConfigurationName = Release;
		};
		338DC88722148BED006680A4 /* Build configuration list for PBXProject "CinePicker" */ = {
			isa = XCConfigurationList;
			buildConfigurations = (
				338DC89C22148BED006680A4 /* Debug */,
				338DC89D22148BED006680A4 /* Release */,
			);
			defaultConfigurationIsVisible = 0;
			defaultConfigurationName = Release;
		};
		338DC89E22148BED006680A4 /* Build configuration list for PBXNativeTarget "CinePicker" */ = {
			isa = XCConfigurationList;
			buildConfigurations = (
				338DC89F22148BED006680A4 /* Debug */,
				338DC8A022148BED006680A4 /* Release */,
			);
			defaultConfigurationIsVisible = 0;
			defaultConfigurationName = Release;
		};
/* End XCConfigurationList section */

/* Begin XCVersionGroup section */
		33A181D422D4FBDF003A907C /* CinePickerDatabase.xcdatamodeld */ = {
			isa = XCVersionGroup;
			children = (
				33A181D522D4FBDF003A907C /* CinePickerDatabase.xcdatamodel */,
			);
			currentVersion = 33A181D522D4FBDF003A907C /* CinePickerDatabase.xcdatamodel */;
			path = CinePickerDatabase.xcdatamodeld;
			sourceTree = "<group>";
			versionGroupType = wrapper.xcdatamodel;
		};
/* End XCVersionGroup section */
	};
	rootObject = 338DC88422148BED006680A4 /* Project object */;
}
